
Microsoft Visual Studio Solution File, Format Version 12.00
# Visual Studio Version 17
VisualStudioVersion = 17.14.36202.13
MinimumVisualStudioVersion = 10.0.40219.1
Project("{FAE04EC0-301F-11D3-BF4B-00C04F79EFBC}") = "MyVocaList.Domain", "Domain\MyVocaList.Domain.csproj", "{A2E6B848-6AAE-40E9-90A3-08FDAB49B556}"
EndProject
Project("{FAE04EC0-301F-11D3-BF4B-00C04F79EFBC}") = "MyVocaList.Infra", "Infra\MyVocaList.Infra.csproj", "{00420F32-F9C5-49E7-AD7B-B0BE8C06849B}"
EndProject
Project("{FAE04EC0-301F-11D3-BF4B-00C04F79EFBC}") = "MyVocaList.Services", "Services\MyVocaList.Services.csproj", "{86531434-D14F-407F-B7C7-06761D7DE2AD}"
EndProject
Project("{FAE04EC0-301F-11D3-BF4B-00C04F79EFBC}") = "MyVocaList.Contracts", "Contracts\MyVocaList.Contracts.csproj", "{B2646AAD-E2AD-4948-83C6-1691E0C8EB80}"
EndProject
Project("{2150E333-8FDC-42A3-9474-1A3956D46DE8}") = "Itens de Solução", "Itens de Solução", "{380A7511-A354-6D7A-0CC0-8FA1F1BA7B6C}"
	ProjectSection(SolutionItems) = preProject
		.claudeignore = .claudeignore
		.editorconfig.txt = .editorconfig.txt
		CLAUDE.md = CLAUDE.md
		global.json = global.json
	EndProjectSection
EndProject
Project("{FAE04EC0-301F-11D3-BF4B-00C04F79EFBC}") = "MyVocaList.View", "View\MyVocaList.View.csproj", "{23B0A8E9-F736-DDF5-99E4-654D936B8CD0}"
EndProject
Project("{2150E333-8FDC-42A3-9474-1A3956D46DE8}") = "Docs", "Docs", "{02EA681E-C7D8-13C7-8484-4AC65E1B71E8}"
EndProject
Project("{2150E333-8FDC-42A3-9474-1A3956D46DE8}") = "Social Networks", "Social Networks", "{5BDCA1C1-6D57-4AE8-A8B7-018ECC945833}"
	ProjectSection(SolutionItems) = preProject
		Docs\Social Networks\Facebook.png = Docs\Social Networks\Facebook.png
		Docs\Social Networks\Instagram.png = Docs\Social Networks\Instagram.png
		Docs\Social Networks\TikTok.png = Docs\Social Networks\TikTok.png
		Docs\Social Networks\X.png = Docs\Social Networks\X.png
		Docs\Social Networks\Youtube.png = Docs\Social Networks\Youtube.png
	EndProjectSection
EndProject
Project("{2150E333-8FDC-42A3-9474-1A3956D46DE8}") = "Guides", "Guides", "{0709C129-31CD-405F-8869-290CFE0B6FA6}"
	ProjectSection(SolutionItems) = preProject
		Docs\Guides\CLEANUP_Bulk_GUIDE.md = Docs\Guides\CLEANUP_Bulk_GUIDE.md
		Docs\Guides\CLEANUP_DoneByClaude_20251223022000_SUMMARY.md = Docs\Guides\CLEANUP_DoneByClaude_20251223022000_SUMMARY.md
		Docs\Guides\DotNet Developer Roadmap 2025.jpg = Docs\Guides\DotNet Developer Roadmap 2025.jpg
		Docs\Guides\DotNet Developer Roadmap 2025.txt = Docs\Guides\DotNet Developer Roadmap 2025.txt
		Docs\Guides\future_ux_requirements.md = Docs\Guides\future_ux_requirements.md
		Docs\Guides\helders_guides_migrate_to_md3.md = Docs\Guides\helders_guides_migrate_to_md3.md
		Docs\Guides\MyVocalist - Official Brand Name Registration.md = Docs\Guides\MyVocalist - Official Brand Name Registration.md
		Docs\Guides\MyVocaList_Future_OBSERVABILITY_ROADMAP.md = Docs\Guides\MyVocaList_Future_OBSERVABILITY_ROADMAP.md
		Docs\Guides\MyVocaList_Future_ux_requirements.md = Docs\Guides\MyVocaList_Future_ux_requirements.md
		Docs\Guides\MyVocaList_Iconography_MD3_Guideline.md = Docs\Guides\MyVocaList_Iconography_MD3_Guideline.md
		Docs\Guides\MyVocaList_ide_comparison_maui.md = Docs\Guides\MyVocaList_ide_comparison_maui.md
		Docs\Guides\MyVocaList_migration_clean_architecture_guide.md = Docs\Guides\MyVocaList_migration_clean_architecture_guide.md
		Docs\Guides\MyVocaList_migration_material_design_guide.md = Docs\Guides\MyVocaList_migration_material_design_guide.md
		Docs\Guides\research_dotnet_ai_dev_guide_20251010_claudeSonnet4_5.md = Docs\Guides\research_dotnet_ai_dev_guide_20251010_claudeSonnet4_5.md
		Docs\Guides\Tongues.docx = Docs\Guides\Tongues.docx
		Docs\Guides\Tongues.pdf = Docs\Guides\Tongues.pdf
	EndProjectSection
EndProject
Project("{FAE04EC0-301F-11D3-BF4B-00C04F79EFBC}") = "MyVocaList.Console.HCTTonalPaletteGenerator", "Console\HCTTonalPaletteGenerator\MyVocaList.Console.HCTTonalPaletteGenerator.csproj", "{63C00A7E-F560-F966-BDDC-133A4220AA04}"
EndProject
Project("{2150E333-8FDC-42A3-9474-1A3956D46DE8}") = "Changelog", "Changelog", "{F21D371E-AC50-4B89-83AF-341A95F22F8C}"
	ProjectSection(SolutionItems) = preProject
		Docs\Changelog\changelog.md = Docs\Changelog\changelog.md
	EndProjectSection
EndProject
Project("{2150E333-8FDC-42A3-9474-1A3956D46DE8}") = "Archive", "Archive", "{9FACFACF-1AC9-465C-BCF9-0CC87876F75B}"
	ProjectSection(SolutionItems) = preProject
		changelog_2025_T5.md = changelog_2025_T5.md
	EndProjectSection
EndProject
Project("{FAE04EC0-301F-11D3-BF4B-00C04F79EFBC}") = "MyVocaList.Tests", "Tests\MyVocaList.Tests.csproj", "{A371EE88-DD54-0DCC-7364-842D0977EC24}"
EndProject
Project("{2150E333-8FDC-42A3-9474-1A3956D46DE8}") = "temp", "temp", "{FCC7A049-5AF6-4454-9D28-2EE77B645BF7}"
	ProjectSection(SolutionItems) = preProject
		debug_log.txt = debug_log.txt
	EndProjectSection
EndProject
Project("{2150E333-8FDC-42A3-9474-1A3956D46DE8}") = "AI", "AI", "{15A623C8-767A-4185-9415-2FC8CF13E727}"
	ProjectSection(SolutionItems) = preProject
		Docs\Guides\AI\AI_ENGINEER_ROADMAP.md = Docs\Guides\AI\AI_ENGINEER_ROADMAP.md
		Docs\Guides\AI\AWS_SETUP_GUIDE.md = Docs\Guides\AI\AWS_SETUP_GUIDE.md
		Docs\Guides\AI\MAUI_INTEGRATION_GUIDE.md = Docs\Guides\AI\MAUI_INTEGRATION_GUIDE.md
		Docs\Guides\AI\PYTHON_AI_CURRICULUM.md = Docs\Guides\AI\PYTHON_AI_CURRICULUM.md
		Docs\Guides\AI\QUICK_REFERENCE.md = Docs\Guides\AI\QUICK_REFERENCE.md
		Docs\Guides\AI\WEEKLY_IMPLEMENTATION_PLAN.md = Docs\Guides\AI\WEEKLY_IMPLEMENTATION_PLAN.md
	EndProjectSection
EndProject
Global
	GlobalSection(SolutionConfigurationPlatforms) = preSolution
		Debug|Any CPU = Debug|Any CPU
		Release|Any CPU = Release|Any CPU
	EndGlobalSection
	GlobalSection(ProjectConfigurationPlatforms) = postSolution
		{A2E6B848-6AAE-40E9-90A3-08FDAB49B556}.Debug|Any CPU.ActiveCfg = Debug|Any CPU
		{A2E6B848-6AAE-40E9-90A3-08FDAB49B556}.Debug|Any CPU.Build.0 = Debug|Any CPU
		{A2E6B848-6AAE-40E9-90A3-08FDAB49B556}.Release|Any CPU.ActiveCfg = Release|Any CPU
		{A2E6B848-6AAE-40E9-90A3-08FDAB49B556}.Release|Any CPU.Build.0 = Release|Any CPU
		{00420F32-F9C5-49E7-AD7B-B0BE8C06849B}.Debug|Any CPU.ActiveCfg = Debug|Any CPU
		{00420F32-F9C5-49E7-AD7B-B0BE8C06849B}.Debug|Any CPU.Build.0 = Debug|Any CPU
		{00420F32-F9C5-49E7-AD7B-B0BE8C06849B}.Release|Any CPU.ActiveCfg = Release|Any CPU
		{00420F32-F9C5-49E7-AD7B-B0BE8C06849B}.Release|Any CPU.Build.0 = Release|Any CPU
		{86531434-D14F-407F-B7C7-06761D7DE2AD}.Debug|Any CPU.ActiveCfg = Debug|Any CPU
		{86531434-D14F-407F-B7C7-06761D7DE2AD}.Debug|Any CPU.Build.0 = Debug|Any CPU
		{86531434-D14F-407F-B7C7-06761D7DE2AD}.Release|Any CPU.ActiveCfg = Release|Any CPU
		{86531434-D14F-407F-B7C7-06761D7DE2AD}.Release|Any CPU.Build.0 = Release|Any CPU
		{B2646AAD-E2AD-4948-83C6-1691E0C8EB80}.Debug|Any CPU.ActiveCfg = Debug|Any CPU
		{B2646AAD-E2AD-4948-83C6-1691E0C8EB80}.Debug|Any CPU.Build.0 = Debug|Any CPU
		{B2646AAD-E2AD-4948-83C6-1691E0C8EB80}.Release|Any CPU.ActiveCfg = Release|Any CPU
		{B2646AAD-E2AD-4948-83C6-1691E0C8EB80}.Release|Any CPU.Build.0 = Release|Any CPU
		{23B0A8E9-F736-DDF5-99E4-654D936B8CD0}.Debug|Any CPU.ActiveCfg = Debug|Any CPU
		{23B0A8E9-F736-DDF5-99E4-654D936B8CD0}.Debug|Any CPU.Build.0 = Debug|Any CPU
		{23B0A8E9-F736-DDF5-99E4-654D936B8CD0}.Debug|Any CPU.Deploy.0 = Debug|Any CPU
		{23B0A8E9-F736-DDF5-99E4-654D936B8CD0}.Release|Any CPU.ActiveCfg = Release|Any CPU
		{23B0A8E9-F736-DDF5-99E4-654D936B8CD0}.Release|Any CPU.Build.0 = Release|Any CPU
		{23B0A8E9-F736-DDF5-99E4-654D936B8CD0}.Release|Any CPU.Deploy.0 = Release|Any CPU
		{63C00A7E-F560-F966-BDDC-133A4220AA04}.Debug|Any CPU.ActiveCfg = Debug|Any CPU
		{63C00A7E-F560-F966-BDDC-133A4220AA04}.Debug|Any CPU.Build.0 = Debug|Any CPU
		{63C00A7E-F560-F966-BDDC-133A4220AA04}.Release|Any CPU.ActiveCfg = Release|Any CPU
		{63C00A7E-F560-F966-BDDC-133A4220AA04}.Release|Any CPU.Build.0 = Release|Any CPU
		{A371EE88-DD54-0DCC-7364-842D0977EC24}.Debug|Any CPU.ActiveCfg = Debug|Any CPU
		{A371EE88-DD54-0DCC-7364-842D0977EC24}.Debug|Any CPU.Build.0 = Debug|Any CPU
		{A371EE88-DD54-0DCC-7364-842D0977EC24}.Release|Any CPU.ActiveCfg = Release|Any CPU
		{A371EE88-DD54-0DCC-7364-842D0977EC24}.Release|Any CPU.Build.0 = Release|Any CPU
	EndGlobalSection
	GlobalSection(SolutionProperties) = preSolution
		HideSolutionNode = FALSE
	EndGlobalSection
	GlobalSection(NestedProjects) = preSolution
		{02EA681E-C7D8-13C7-8484-4AC65E1B71E8} = {380A7511-A354-6D7A-0CC0-8FA1F1BA7B6C}
		{5BDCA1C1-6D57-4AE8-A8B7-018ECC945833} = {02EA681E-C7D8-13C7-8484-4AC65E1B71E8}
		{0709C129-31CD-405F-8869-290CFE0B6FA6} = {02EA681E-C7D8-13C7-8484-4AC65E1B71E8}
		{F21D371E-AC50-4B89-83AF-341A95F22F8C} = {02EA681E-C7D8-13C7-8484-4AC65E1B71E8}
		{9FACFACF-1AC9-465C-BCF9-0CC87876F75B} = {F21D371E-AC50-4B89-83AF-341A95F22F8C}
		{FCC7A049-5AF6-4454-9D28-2EE77B645BF7} = {380A7511-A354-6D7A-0CC0-8FA1F1BA7B6C}
		{15A623C8-767A-4185-9415-2FC8CF13E727} = {0709C129-31CD-405F-8869-290CFE0B6FA6}
	EndGlobalSection
	GlobalSection(ExtensibilityGlobals) = postSolution
		SolutionGuid = {B46068ED-D9E7-49CB-A4E6-0BB5E0F0D529}
	EndGlobalSection
EndGlobal
